// !$*UTF8*$!
{
	archiveVersion = 1;
	classes = {
	};
	objectVersion = 46;
	objects = {

/* Begin PBXBuildFile section */
		DAA1EDEA1DD4E77A008C023D /* AppDelegate.swift in Sources */ = {isa = PBXBuildFile; fileRef = DAA1EDE91DD4E77A008C023D /* AppDelegate.swift */; };
		DAA1EDEC1DD4E77A008C023D /* ViewController.swift in Sources */ = {isa = PBXBuildFile; fileRef = DAA1EDEB1DD4E77A008C023D /* ViewController.swift */; };
		DAA1EDEF1DD4E77A008C023D /* Main.storyboard in Resources */ = {isa = PBXBuildFile; fileRef = DAA1EDED1DD4E77A008C023D /* Main.storyboard */; };
		DAA1EDF11DD4E77A008C023D /* Assets.xcassets in Resources */ = {isa = PBXBuildFile; fileRef = DAA1EDF01DD4E77A008C023D /* Assets.xcassets */; };
		DAA1EDF41DD4E77A008C023D /* LaunchScreen.storyboard in Resources */ = {isa = PBXBuildFile; fileRef = DAA1EDF21DD4E77A008C023D /* LaunchScreen.storyboard */; };
/* End PBXBuildFile section */

/* Begin PBXFileReference section */
		DAA1EDE61DD4E77A008C023D /* SecondGit.app */ = {isa = PBXFileReference; explicitFileType = wrapper.application; includeInIndex = 0; path = SecondGit.app; sourceTree = BUILT_PRODUCTS_DIR; };
		DAA1EDE91DD4E77A008C023D /* AppDelegate.swift */ = {isa = PBXFileReference; lastKnownFileType = sourcecode.swift; path = AppDelegate.swift; sourceTree = "<group>"; };
		DAA1EDEB1DD4E77A008C023D /* ViewController.swift */ = {isa = PBXFileReference; lastKnownFileType = sourcecode.swift; path = ViewController.swift; sourceTree = "<group>"; };
		DAA1EDEE1DD4E77A008C023D /* Base */ = {isa = PBXFileReference; lastKnownFileType = file.storyboard; name = Base; path = Base.lproj/Main.storyboard; sourceTree = "<group>"; };
		DAA1EDF01DD4E77A008C023D /* Assets.xcassets */ = {isa = PBXFileReference; lastKnownFileType = folder.assetcatalog; path = Assets.xcassets; sourceTree = "<group>"; };
		DAA1EDF31DD4E77A008C023D /* Base */ = {isa = PBXFileReference; lastKnownFileType = file.storyboard; name = Base; path = Base.lproj/LaunchScreen.storyboard; sourceTree = "<group>"; };
		DAA1EDF51DD4E77A008C023D /* Info.plist */ = {isa = PBXFileReference; lastKnownFileType = text.plist.xml; path = Info.plist; sourceTree = "<group>"; };
/* End PBXFileReference section */

/* Begin PBXFrameworksBuildPhase section */
		DAA1EDE31DD4E77A008C023D /* Frameworks */ = {
			isa = PBXFrameworksBuildPhase;
			buildActionMask = 2147483647;
			files = (
			);
			runOnlyForDeploymentPostprocessing = 0;
		};
/* End PBXFrameworksBuildPhase section */

/* Begin PBXGroup section */
		DAA1EDDD1DD4E77A008C023D = {
			isa = PBXGroup;
			children = (
				DAA1EDE81DD4E77A008C023D /* SecondGit */,
				DAA1EDE71DD4E77A008C023D /* Products */,
			);
			sourceTree = "<group>";
		};
		DAA1EDE71DD4E77A008C023D /* Products */ = {
			isa = PBXGroup;
			children = (
				DAA1EDE61DD4E77A008C023D /* SecondGit.app */,
			);
			name = Products;
			sourceTree = "<group>";
		};
		DAA1EDE81DD4E77A008C023D /* SecondGit */ = {
			isa = PBXGroup;
			children = (
				DAA1EDE91DD4E77A008C023D /* AppDelegate.swift */,
				DAA1EDEB1DD4E77A008C023D /* ViewController.swift */,
				DAA1EDED1DD4E77A008C023D /* Main.storyboard */,
				DAA1EDF01DD4E77A008C023D /* Assets.xcassets */,
				DAA1EDF21DD4E77A008C023D /* LaunchScreen.storyboard */,
				DAA1EDF51DD4E77A008C023D /* Info.plist */,
			);
			path = SecondGit;
			sourceTree = "<group>";
		};
/* End PBXGroup section */

/* Begin PBXNativeTarget section */
		DAA1EDE51DD4E77A008C023D /* SecondGit */ = {
			isa = PBXNativeTarget;
			buildConfigurationList = DAA1EDF81DD4E77A008C023D /* Build configuration list for PBXNativeTarget "SecondGit" */;
			buildPhases = (
				DAA1EDE21DD4E77A008C023D /* Sources */,
				DAA1EDE31DD4E77A008C023D /* Frameworks */,
				DAA1EDE41DD4E77A008C023D /* Resources */,
			);
			buildRules = (
			);
			dependencies = (
			);
			name = SecondGit;
			productName = SecondGit;
			productReference = DAA1EDE61DD4E77A008C023D /* SecondGit.app */;
			productType = "com.apple.product-type.application";
		};
/* End PBXNativeTarget section */

/* Begin PBXProject section */
		DAA1EDDE1DD4E77A008C023D /* Project object */ = {
			isa = PBXProject;
			attributes = {
				LastSwiftUpdateCheck = 0810;
				LastUpgradeCheck = 0810;
				ORGANIZATIONNAME = "Tony Drummond";
				TargetAttributes = {
					DAA1EDE51DD4E77A008C023D = {
						CreatedOnToolsVersion = 8.1;
						ProvisioningStyle = Automatic;
					};
				};
			};
			buildConfigurationList = DAA1EDE11DD4E77A008C023D /* Build configuration list for PBXProject "SecondGit" */;
			compatibilityVersion = "Xcode 3.2";
			developmentRegion = English;
			hasScannedForEncodings = 0;
			knownRegions = (
				en,
				Base,
			);
			mainGroup = DAA1EDDD1DD4E77A008C023D;
			productRefGroup = DAA1EDE71DD4E77A008C023D /* Products */;
			projectDirPath = "";
			projectRoot = "";
			targets = (
				DAA1EDE51DD4E77A008C023D /* SecondGit */,
			);
		};
/* End PBXProject section */

/* Begin PBXResourcesBuildPhase section */
		DAA1EDE41DD4E77A008C023D /* Resources */ = {
			isa = PBXResourcesBuildPhase;
			buildActionMask = 2147483647;
			files = (
				DAA1EDF41DD4E77A008C023D /* LaunchScreen.storyboard in Resources */,
				DAA1EDF11DD4E77A008C023D /* Assets.xcassets in Resources */,
				DAA1EDEF1DD4E77A008C023D /* Main.storyboard in Resources */,
			);
			runOnlyForDeploymentPostprocessing = 0;
		};
/* End PBXResourcesBuildPhase section */

/* Begin PBXSourcesBuildPhase section */
		DAA1EDE21DD4E77A008C023D /* Sources */ = {
			isa = PBXSourcesBuildPhase;
			buildActionMask = 2147483647;
			files = (
				DAA1EDEC1DD4E77A008C023D /* ViewController.swift in Sources */,
				DAA1EDEA1DD4E77A008C023D /* AppDelegate.swift in Sources */,
			);
			runOnlyForDeploymentPostprocessing = 0;
		};
/* End PBXSourcesBuildPhase section */

/* Begin PBXVariantGroup section */
		DAA1EDED1DD4E77A008C023D /* Main.storyboard */ = {
			isa = PBXVariantGroup;
			children = (
				DAA1EDEE1DD4E77A008C023D /* Base */,
			);
			name = Main.storyboard;
			sourceTree = "<group>";
		};
		DAA1EDF21DD4E77A008C023D /* LaunchScreen.storyboard */ = {
			isa = PBXVariantGroup;
			children = (
				DAA1EDF31DD4E77A008C023D /* Base */,
			);
			name = LaunchScreen.storyboard;
			sourceTree = "<group>";
		};
/* End PBXVariantGroup section */

/* Begin XCBuildConfiguration section */
		DAA1EDF61DD4E77A008C023D /* Debug */ = {
			isa = XCBuildConfiguration;
			buildSettings = {
				ALWAYS_SEARCH_USER_PATHS = NO;
				CLANG_ANALYZER_NONNULL = YES;
				CLANG_CXX_LANGUAGE_STANDARD = "gnu++0x";
				CLANG_CXX_LIBRARY = "libc++";
				CLANG_ENABLE_MODULES = YES;
				CLANG_ENABLE_OBJC_ARC = YES;
				CLANG_WARN_BOOL_CONVERSION = YES;
				CLANG_WARN_CONSTANT_CONVERSION = YES;
				CLANG_WARN_DIRECT_OBJC_ISA_USAGE = YES_ERROR;
				CLANG_WARN_DOCUMENTATION_COMMENTS = YES;
				CLANG_WARN_EMPTY_BODY = YES;
				CLANG_WARN_ENUM_CONVERSION = YES;
				CLANG_WARN_INFINITE_RECURSION = YES;
				CLANG_WARN_INT_CONVERSION = YES;
				CLANG_WARN_OBJC_ROOT_CLASS = YES_ERROR;
				CLANG_WARN_SUSPICIOUS_MOVES = YES;
				CLANG_WARN_UNREACHABLE_CODE = YES;
				CLANG_WARN__DUPLICATE_METHOD_MATCH = YES;
				"CODE_SIGN_IDENTITY[sdk=iphoneos*]" = "iPhone Developer";
				COPY_PHASE_STRIP = NO;
				DEBUG_INFORMATION_FORMAT = dwarf;
				ENABLE_STRICT_OBJC_MSGSEND = YES;
				ENABLE_TESTABILITY = YES;
				GCC_C_LANGUAGE_STANDARD = gnu99;
				GCC_DYNAMIC_NO_PIC = NO;
				GCC_NO_COMMON_BLOCKS = YES;
				GCC_OPTIMIZATION_LEVEL = 0;
				GCC_PREPROCESSOR_DEFINITIONS = (
					"DEBUG=1",
					"$(inherited)",
				);
				GCC_WARN_64_TO_32_BIT_CONVERSION = YES;
				GCC_WARN_ABOUT_RETURN_TYPE = YES_ERROR;
				GCC_WARN_UNDECLARED_SELECTOR = YES;
				GCC_WARN_UNINITIALIZED_AUTOS = YES_AGGRESSIVE;
				GCC_WARN_UNUSED_FUNCTION = YES;
				GCC_WARN_UNUSED_VARIABLE = YES;
				IPHONEOS_DEPLOYMENT_TARGET = 10.1;
				MTL_ENABLE_DEBUG_INFO = YES;
				ONLY_ACTIVE_ARCH = YES;
				SDKROOT = iphoneos;
				SWIFT_ACTIVE_COMPILATION_CONDITIONS = DEBUG;
				SWIFT_OPTIMIZATION_LEVEL = "-Onone";
				TARGETED_DEVICE_FAMILY = "1,2";
			};
			name = Debug;
		};
		DAA1EDF71DD4E77A008C023D /* Release */ = {
			isa = XCBuildConfiguration;
			buildSettings = {
				ALWAYS_SEARCH_USER_PATHS = NO;
				CLANG_ANALYZER_NONNULL = YES;
				CLANG_CXX_LANGUAGE_STANDARD = "gnu++0x";
				CLANG_CXX_LIBRARY = "libc++";
				CLANG_ENABLE_MODULES = YES;
				CLANG_ENABLE_OBJC_ARC = YES;
				CLANG_WARN_BOOL_CONVERSION = YES;
				CLANG_WARN_CONSTANT_CONVERSION = YES;
				CLANG_WARN_DIRECT_OBJC_ISA_USAGE = YES_ERROR;
				CLANG_WARN_DOCUMENTATION_COMMENTS = YES;
				CLANG_WARN_EMPTY_BODY = YES;
				CLANG_WARN_ENUM_CONVERSION = YES;
				CLANG_WARN_INFINITE_RECURSION = YES;
				CLANG_WARN_INT_CONVERSION = YES;
				CLANG_WARN_OBJC_ROOT_CLASS = YES_ERROR;
				CLANG_WARN_SUSPICIOUS_MOVES = YES;
				CLANG_WARN_UNREACHABLE_CODE = YES;
				CLANG_WARN__DUPLICATE_METHOD_MATCH = YES;
				"CODE_SIGN_IDENTITY[sdk=iphoneos*]" = "iPhone Developer";
				COPY_PHASE_STRIP = NO;
				DEBUG_INFORMATION_FORMAT = "dwarf-with-dsym";
				ENABLE_NS_ASSERTIONS = NO;
				ENABLE_STRICT_OBJC_MSGSEND = YES;
				GCC_C_LANGUAGE_STANDARD = gnu99;
				GCC_NO_COMMON_BLOCKS = YES;
				GCC_WARN_64_TO_32_BIT_CONVERSION = YES;
				GCC_WARN_ABOUT_RETURN_TYPE = YES_ERROR;
				GCC_WARN_UNDECLARED_SELECTOR = YES;
				GCC_WARN_UNINITIALIZED_AUTOS = YES_AGGRESSIVE;
				GCC_WARN_UNUSED_FUNCTION = YES;
				GCC_WARN_UNUSED_VARIABLE = YES;
				IPHONEOS_DEPLOYMENT_TARGET = 10.1;
				MTL_ENABLE_DEBUG_INFO = NO;
				SDKROOT = iphoneos;
				SWIFT_OPTIMIZATION_LEVEL = "-Owholemodule";
				TARGETED_DEVICE_FAMILY = "1,2";
				VALIDATE_PRODUCT = YES;
			};
			name = Release;
		};
		DAA1EDF91DD4E77A008C023D /* Debug */ = {
			isa = XCBuildConfiguration;
			buildSettings = {
				ASSETCATALOG_COMPILER_APPICON_NAME = AppIcon;
				INFOPLIST_FILE = SecondGit/Info.plist;
				LD_RUNPATH_SEARCH_PATHS = "$(inherited) @executable_path/Frameworks";
				PRODUCT_BUNDLE_IDENTIFIER = "com.classic-color.SecondGit";
				PRODUCT_NAME = "$(TARGET_NAME)";
				SWIFT_VERSION = 3.0;
			};
			name = Debug;
		};
		DAA1EDFA1DD4E77A008C023D /* Release */ = {
			isa = XCBuildConfiguration;
			buildSettings = {
				ASSETCATALOG_COMPILER_APPICON_NAME = AppIcon;
				INFOPLIST_FILE = SecondGit/Info.plist;
				LD_RUNPATH_SEARCH_PATHS = "$(inherited) @executable_path/Frameworks";
				PRODUCT_BUNDLE_IDENTIFIER = "com.classic-color.SecondGit";
				PRODUCT_NAME = "$(TARGET_NAME)";
				SWIFT_VERSION = 3.0;
			};
			name = Release;
		};
/* End XCBuildConfiguration section */

/* Begin XCConfigurationList section */
		DAA1EDE11DD4E77A008C023D /* Build configuration list for PBXProject "SecondGit" */ = {
			isa = XCConfigurationList;
			buildConfigurations = (
				DAA1EDF61DD4E77A008C023D /* Debug */,
				DAA1EDF71DD4E77A008C023D /* Release */,
			);
			defaultConfigurationIsVisible = 0;
			defaultConfigurationName = Release;
		};
		DAA1EDF81DD4E77A008C023D /* Build configuration list for PBXNativeTarget "SecondGit" */ = {
			isa = XCConfigurationList;
			buildConfigurations = (
				DAA1EDF91DD4E77A008C023D /* Debug */,
				DAA1EDFA1DD4E77A008C023D /* Release */,
			);
			defaultConfigurationIsVisible = 0;
		};
/* End XCConfigurationList section */
	};
	rootObject = DAA1EDDE1DD4E77A008C023D /* Project object */;
}
